
Microsoft Visual Studio Solution File, Format Version 12.00
# Visual Studio Version 17
VisualStudioVersion = 17.10.35027.167
MinimumVisualStudioVersion = 10.0.40219.1
Project("{FAE04EC0-301F-11D3-BF4B-00C04F79EFBC}") = "Sistema Votaciones", "Sistema Votaciones\Sistema Votaciones.csproj", "{4C7BA6F7-AFBB-437B-901F-8AEA9253D2C4}"
EndProject
Global
	GlobalSection(SolutionConfigurationPlatforms) = preSolution
		Debug|Any CPU = Debug|Any CPU
		Release|Any CPU = Release|Any CPU
	EndGlobalSection
	GlobalSection(ProjectConfigurationPlatforms) = postSolution
		{4C7BA6F7-AFBB-437B-901F-8AEA9253D2C4}.Debug|Any CPU.ActiveCfg = Debug|Any CPU
		{4C7BA6F7-AFBB-437B-901F-8AEA9253D2C4}.Debug|Any CPU.Build.0 = Debug|Any CPU
		{4C7BA6F7-AFBB-437B-901F-8AEA9253D2C4}.Release|Any CPU.ActiveCfg = Release|Any CPU
		{4C7BA6F7-AFBB-437B-901F-8AEA9253D2C4}.Release|Any CPU.Build.0 = Release|Any CPU
	EndGlobalSection
	GlobalSection(SolutionProperties) = preSolution
		HideSolutionNode = FALSE
	EndGlobalSection
	GlobalSection(ExtensibilityGlobals) = postSolution
		SolutionGuid = {3A77FDC6-22D7-4A98-8593-11FF41C3C18E}
	EndGlobalSection
EndGlobal
